// !$*UTF8*$!
{
	archiveVersion = 1;
	classes = {
	};
	objectVersion = 46;
	objects = {

/* Begin PBXBuildFile section */
		611EB9921E63027000FDA95B /* AppDelegate.swift in Sources */ = {isa = PBXBuildFile; fileRef = 611EB9911E63027000FDA95B /* AppDelegate.swift */; };
		611EB9941E63027100FDA95B /* ViewController.swift in Sources */ = {isa = PBXBuildFile; fileRef = 611EB9931E63027100FDA95B /* ViewController.swift */; };
		611EB9971E63027200FDA95B /* Main.storyboard in Resources */ = {isa = PBXBuildFile; fileRef = 611EB9951E63027100FDA95B /* Main.storyboard */; };
		611EB9991E63027200FDA95B /* Assets.xcassets in Resources */ = {isa = PBXBuildFile; fileRef = 611EB9981E63027200FDA95B /* Assets.xcassets */; };
		611EB99C1E63027200FDA95B /* LaunchScreen.storyboard in Resources */ = {isa = PBXBuildFile; fileRef = 611EB99A1E63027200FDA95B /* LaunchScreen.storyboard */; };
		611EB9AA1E63033200FDA95B /* YTPlayerView-iframe-player.html in Resources */ = {isa = PBXBuildFile; fileRef = 611EB9A71E63033200FDA95B /* YTPlayerView-iframe-player.html */; };
		611EB9AB1E63033200FDA95B /* YTPlayerView.m in Sources */ = {isa = PBXBuildFile; fileRef = 611EB9A91E63033200FDA95B /* YTPlayerView.m */; };
/* End PBXBuildFile section */

/* Begin PBXFileReference section */
		611EB98E1E63027000FDA95B /* YoutubePlayer.app */ = {isa = PBXFileReference; explicitFileType = wrapper.application; includeInIndex = 0; path = YoutubePlayer.app; sourceTree = BUILT_PRODUCTS_DIR; };
		611EB9911E63027000FDA95B /* AppDelegate.swift */ = {isa = PBXFileReference; lastKnownFileType = sourcecode.swift; path = AppDelegate.swift; sourceTree = "<group>"; };
		611EB9931E63027100FDA95B /* ViewController.swift */ = {isa = PBXFileReference; lastKnownFileType = sourcecode.swift; path = ViewController.swift; sourceTree = "<group>"; };
		611EB9961E63027200FDA95B /* Base */ = {isa = PBXFileReference; lastKnownFileType = file.storyboard; name = Base; path = Base.lproj/Main.storyboard; sourceTree = "<group>"; };
		611EB9981E63027200FDA95B /* Assets.xcassets */ = {isa = PBXFileReference; lastKnownFileType = folder.assetcatalog; path = Assets.xcassets; sourceTree = "<group>"; };
		611EB99B1E63027200FDA95B /* Base */ = {isa = PBXFileReference; lastKnownFileType = file.storyboard; name = Base; path = Base.lproj/LaunchScreen.storyboard; sourceTree = "<group>"; };
		611EB99D1E63027200FDA95B /* Info.plist */ = {isa = PBXFileReference; lastKnownFileType = text.plist.xml; path = Info.plist; sourceTree = "<group>"; };
		611EB9A31E6302BF00FDA95B /* YoutubePlayer-Bridging-Header.h */ = {isa = PBXFileReference; lastKnownFileType = sourcecode.c.h; path = "YoutubePlayer-Bridging-Header.h"; sourceTree = "<group>"; };
		611EB9A71E63033200FDA95B /* YTPlayerView-iframe-player.html */ = {isa = PBXFileReference; fileEncoding = 4; lastKnownFileType = text.html; path = "YTPlayerView-iframe-player.html"; sourceTree = "<group>"; };
		611EB9A81E63033200FDA95B /* YTPlayerView.h */ = {isa = PBXFileReference; fileEncoding = 4; lastKnownFileType = sourcecode.c.h; path = YTPlayerView.h; sourceTree = "<group>"; };
		611EB9A91E63033200FDA95B /* YTPlayerView.m */ = {isa = PBXFileReference; fileEncoding = 4; lastKnownFileType = sourcecode.c.objc; path = YTPlayerView.m; sourceTree = "<group>"; };
/* End PBXFileReference section */

/* Begin PBXFrameworksBuildPhase section */
		611EB98B1E63026B00FDA95B /* Frameworks */ = {
			isa = PBXFrameworksBuildPhase;
			buildActionMask = 2147483647;
			files = (
			);
			runOnlyForDeploymentPostprocessing = 0;
		};
/* End PBXFrameworksBuildPhase section */

/* Begin PBXGroup section */
		611EB9851E63026B00FDA95B = {
			isa = PBXGroup;
			children = (
				611EB9901E63027000FDA95B /* YoutubePlayer */,
				611EB98F1E63027000FDA95B /* Products */,
				611EB9A31E6302BF00FDA95B /* YoutubePlayer-Bridging-Header.h */,
			);
			sourceTree = "<group>";
		};
		611EB98F1E63027000FDA95B /* Products */ = {
			isa = PBXGroup;
			children = (
				611EB98E1E63027000FDA95B /* YoutubePlayer.app */,
			);
			name = Products;
			sourceTree = "<group>";
		};
		611EB9901E63027000FDA95B /* YoutubePlayer */ = {
			isa = PBXGroup;
			children = (
				611EB9A71E63033200FDA95B /* YTPlayerView-iframe-player.html */,
				611EB9A81E63033200FDA95B /* YTPlayerView.h */,
				611EB9A91E63033200FDA95B /* YTPlayerView.m */,
				611EB9911E63027000FDA95B /* AppDelegate.swift */,
				611EB9931E63027100FDA95B /* ViewController.swift */,
				611EB9951E63027100FDA95B /* Main.storyboard */,
				611EB9981E63027200FDA95B /* Assets.xcassets */,
				611EB99A1E63027200FDA95B /* LaunchScreen.storyboard */,
				611EB99D1E63027200FDA95B /* Info.plist */,
			);
			path = YoutubePlayer;
			sourceTree = "<group>";
		};
/* End PBXGroup section */

/* Begin PBXNativeTarget section */
		611EB98D1E63026B00FDA95B /* YoutubePlayer */ = {
			isa = PBXNativeTarget;
			buildConfigurationList = 611EB9A01E63027200FDA95B /* Build configuration list for PBXNativeTarget "YoutubePlayer" */;
			buildPhases = (
				611EB98A1E63026B00FDA95B /* Sources */,
				611EB98B1E63026B00FDA95B /* Frameworks */,
				611EB98C1E63026B00FDA95B /* Resources */,
			);
			buildRules = (
			);
			dependencies = (
			);
			name = YoutubePlayer;
			productName = YoutubePlayer;
			productReference = 611EB98E1E63027000FDA95B /* YoutubePlayer.app */;
			productType = "com.apple.product-type.application";
		};
/* End PBXNativeTarget section */

/* Begin PBXProject section */
		611EB9861E63026B00FDA95B /* Project object */ = {
			isa = PBXProject;
			attributes = {
				LastSwiftUpdateCheck = 0820;
				LastUpgradeCheck = 0820;
				ORGANIZATIONNAME = "Pradip Gotame";
				TargetAttributes = {
					611EB98D1E63026B00FDA95B = {
						CreatedOnToolsVersion = 8.2.1;
						DevelopmentTeam = NUAB8L3899;
						LastSwiftMigration = 0820;
						ProvisioningStyle = Automatic;
					};
				};
			};
			buildConfigurationList = 611EB9891E63026B00FDA95B /* Build configuration list for PBXProject "YoutubePlayer" */;
			compatibilityVersion = "Xcode 3.2";
			developmentRegion = English;
			hasScannedForEncodings = 0;
			knownRegions = (
				en,
				Base,
			);
			mainGroup = 611EB9851E63026B00FDA95B;
			productRefGroup = 611EB98F1E63027000FDA95B /* Products */;
			projectDirPath = "";
			projectRoot = "";
			targets = (
				611EB98D1E63026B00FDA95B /* YoutubePlayer */,
			);
		};
/* End PBXProject section */

/* Begin PBXResourcesBuildPhase section */
		611EB98C1E63026B00FDA95B /* Resources */ = {
			isa = PBXResourcesBuildPhase;
			buildActionMask = 2147483647;
			files = (
				611EB99C1E63027200FDA95B /* LaunchScreen.storyboard in Resources */,
				611EB9991E63027200FDA95B /* Assets.xcassets in Resources */,
				611EB9AA1E63033200FDA95B /* YTPlayerView-iframe-player.html in Resources */,
				611EB9971E63027200FDA95B /* Main.storyboard in Resources */,
			);
			runOnlyForDeploymentPostprocessing = 0;
		};
/* End PBXResourcesBuildPhase section */

/* Begin PBXSourcesBuildPhase section */
		611EB98A1E63026B00FDA95B /* Sources */ = {
			isa = PBXSourcesBuildPhase;
			buildActionMask = 2147483647;
			files = (
				611EB9941E63027100FDA95B /* ViewController.swift in Sources */,
				611EB9921E63027000FDA95B /* AppDelegate.swift in Sources */,
				611EB9AB1E63033200FDA95B /* YTPlayerView.m in Sources */,
			);
			runOnlyForDeploymentPostprocessing = 0;
		};
/* End PBXSourcesBuildPhase section */

/* Begin PBXVariantGroup section */
		611EB9951E63027100FDA95B /* Main.storyboard */ = {
			isa = PBXVariantGroup;
			children = (
				611EB9961E63027200FDA95B /* Base */,
			);
			name = Main.storyboard;
			sourceTree = "<group>";
		};
		611EB99A1E63027200FDA95B /* LaunchScreen.storyboard */ = {
			isa = PBXVariantGroup;
			children = (
				611EB99B1E63027200FDA95B /* Base */,
			);
			name = LaunchScreen.storyboard;
			sourceTree = "<group>";
		};
/* End PBXVariantGroup section */

/* Begin XCBuildConfiguration section */
		611EB99E1E63027200FDA95B /* Debug */ = {
			isa = XCBuildConfiguration;
			buildSettings = {
				ALWAYS_SEARCH_USER_PATHS = NO;
				CLANG_ANALYZER_NONNULL = YES;
				CLANG_CXX_LANGUAGE_STANDARD = "gnu++0x";
				CLANG_CXX_LIBRARY = "libc++";
				CLANG_ENABLE_MODULES = YES;
				CLANG_ENABLE_OBJC_ARC = YES;
				CLANG_WARN_BOOL_CONVERSION = YES;
				CLANG_WARN_CONSTANT_CONVERSION = YES;
				CLANG_WARN_DIRECT_OBJC_ISA_USAGE = YES_ERROR;
				CLANG_WARN_DOCUMENTATION_COMMENTS = YES;
				CLANG_WARN_EMPTY_BODY = YES;
				CLANG_WARN_ENUM_CONVERSION = YES;
				CLANG_WARN_INFINITE_RECURSION = YES;
				CLANG_WARN_INT_CONVERSION = YES;
				CLANG_WARN_OBJC_ROOT_CLASS = YES_ERROR;
				CLANG_WARN_SUSPICIOUS_MOVE = YES;
				CLANG_WARN_UNREACHABLE_CODE = YES;
				CLANG_WARN__DUPLICATE_METHOD_MATCH = YES;
				"CODE_SIGN_IDENTITY[sdk=iphoneos*]" = "iPhone Developer";
				COPY_PHASE_STRIP = NO;
				DEBUG_INFORMATION_FORMAT = dwarf;
				ENABLE_STRICT_OBJC_MSGSEND = YES;
				ENABLE_TESTABILITY = YES;
				GCC_C_LANGUAGE_STANDARD = gnu99;
				GCC_DYNAMIC_NO_PIC = NO;
				GCC_NO_COMMON_BLOCKS = YES;
				GCC_OPTIMIZATION_LEVEL = 0;
				GCC_PREPROCESSOR_DEFINITIONS = (
					"DEBUG=1",
					"$(inherited)",
				);
				GCC_WARN_64_TO_32_BIT_CONVERSION = YES;
				GCC_WARN_ABOUT_RETURN_TYPE = YES_ERROR;
				GCC_WARN_UNDECLARED_SELECTOR = YES;
				GCC_WARN_UNINITIALIZED_AUTOS = YES_AGGRESSIVE;
				GCC_WARN_UNUSED_FUNCTION = YES;
				GCC_WARN_UNUSED_VARIABLE = YES;
				IPHONEOS_DEPLOYMENT_TARGET = 10.2;
				MTL_ENABLE_DEBUG_INFO = YES;
				ONLY_ACTIVE_ARCH = YES;
				SDKROOT = iphoneos;
				SWIFT_ACTIVE_COMPILATION_CONDITIONS = DEBUG;
				SWIFT_OPTIMIZATION_LEVEL = "-Onone";
				TARGETED_DEVICE_FAMILY = "1,2";
			};
			name = Debug;
		};
		611EB99F1E63027200FDA95B /* Release */ = {
			isa = XCBuildConfiguration;
			buildSettings = {
				ALWAYS_SEARCH_USER_PATHS = NO;
				CLANG_ANALYZER_NONNULL = YES;
				CLANG_CXX_LANGUAGE_STANDARD = "gnu++0x";
				CLANG_CXX_LIBRARY = "libc++";
				CLANG_ENABLE_MODULES = YES;
				CLANG_ENABLE_OBJC_ARC = YES;
				CLANG_WARN_BOOL_CONVERSION = YES;
				CLANG_WARN_CONSTANT_CONVERSION = YES;
				CLANG_WARN_DIRECT_OBJC_ISA_USAGE = YES_ERROR;
				CLANG_WARN_DOCUMENTATION_COMMENTS = YES;
				CLANG_WARN_EMPTY_BODY = YES;
				CLANG_WARN_ENUM_CONVERSION = YES;
				CLANG_WARN_INFINITE_RECURSION = YES;
				CLANG_WARN_INT_CONVERSION = YES;
				CLANG_WARN_OBJC_ROOT_CLASS = YES_ERROR;
				CLANG_WARN_SUSPICIOUS_MOVE = YES;
				CLANG_WARN_UNREACHABLE_CODE = YES;
				CLANG_WARN__DUPLICATE_METHOD_MATCH = YES;
				"CODE_SIGN_IDENTITY[sdk=iphoneos*]" = "iPhone Developer";
				COPY_PHASE_STRIP = NO;
				DEBUG_INFORMATION_FORMAT = "dwarf-with-dsym";
				ENABLE_NS_ASSERTIONS = NO;
				ENABLE_STRICT_OBJC_MSGSEND = YES;
				GCC_C_LANGUAGE_STANDARD = gnu99;
				GCC_NO_COMMON_BLOCKS = YES;
				GCC_WARN_64_TO_32_BIT_CONVERSION = YES;
				GCC_WARN_ABOUT_RETURN_TYPE = YES_ERROR;
				GCC_WARN_UNDECLARED_SELECTOR = YES;
				GCC_WARN_UNINITIALIZED_AUTOS = YES_AGGRESSIVE;
				GCC_WARN_UNUSED_FUNCTION = YES;
				GCC_WARN_UNUSED_VARIABLE = YES;
				IPHONEOS_DEPLOYMENT_TARGET = 10.2;
				MTL_ENABLE_DEBUG_INFO = NO;
				SDKROOT = iphoneos;
				SWIFT_OPTIMIZATION_LEVEL = "-Owholemodule";
				TARGETED_DEVICE_FAMILY = "1,2";
				VALIDATE_PRODUCT = YES;
			};
			name = Release;
		};
		611EB9A11E63027200FDA95B /* Debug */ = {
			isa = XCBuildConfiguration;
			buildSettings = {
				ASSETCATALOG_COMPILER_APPICON_NAME = AppIcon;
				CLANG_ENABLE_MODULES = YES;
				DEVELOPMENT_TEAM = NUAB8L3899;
				INFOPLIST_FILE = YoutubePlayer/Info.plist;
				IPHONEOS_DEPLOYMENT_TARGET = 8.0;
				LD_RUNPATH_SEARCH_PATHS = "$(inherited) @executable_path/Frameworks";
				PRODUCT_BUNDLE_IDENTIFIER = com.lins.YoutubePlayer;
				PRODUCT_NAME = "$(TARGET_NAME)";
				SWIFT_OBJC_BRIDGING_HEADER = "YoutubePlayer-Bridging-Header.h";
				SWIFT_OPTIMIZATION_LEVEL = "-Onone";
				SWIFT_VERSION = 3.0;
			};
			name = Debug;
		};
		611EB9A21E63027200FDA95B /* Release */ = {
			isa = XCBuildConfiguration;
			buildSettings = {
				ASSETCATALOG_COMPILER_APPICON_NAME = AppIcon;
				CLANG_ENABLE_MODULES = YES;
				DEVELOPMENT_TEAM = NUAB8L3899;
				INFOPLIST_FILE = YoutubePlayer/Info.plist;
				IPHONEOS_DEPLOYMENT_TARGET = 8.0;
				LD_RUNPATH_SEARCH_PATHS = "$(inherited) @executable_path/Frameworks";
				PRODUCT_BUNDLE_IDENTIFIER = com.lins.YoutubePlayer;
				PRODUCT_NAME = "$(TARGET_NAME)";
				SWIFT_OBJC_BRIDGING_HEADER = "YoutubePlayer-Bridging-Header.h";
				SWIFT_VERSION = 3.0;
			};
			name = Release;
		};
/* End XCBuildConfiguration section */

/* Begin XCConfigurationList section */
		611EB9891E63026B00FDA95B /* Build configuration list for PBXProject "YoutubePlayer" */ = {
			isa = XCConfigurationList;
			buildConfigurations = (
				611EB99E1E63027200FDA95B /* Debug */,
				611EB99F1E63027200FDA95B /* Release */,
			);
			defaultConfigurationIsVisible = 0;
			defaultConfigurationName = Release;
		};
		611EB9A01E63027200FDA95B /* Build configuration list for PBXNativeTarget "YoutubePlayer" */ = {
			isa = XCConfigurationList;
			buildConfigurations = (
				611EB9A11E63027200FDA95B /* Debug */,
				611EB9A21E63027200FDA95B /* Release */,
			);
			defaultConfigurationIsVisible = 0;
		};
/* End XCConfigurationList section */
	};
	rootObject = 611EB9861E63026B00FDA95B /* Project object */;
}
